{
  "lockfileVersion": 1,
  "workspaces": {
    "": {
      "name": "imphnen",
      "devDependencies": {
        "prettier": "^3.6.2",
        "sherif": "^1.6.1",
        "turbo": "^2.5.5",
        "typescript": "5.8.3",
      },
    },
  },
  "packages": {
    "prettier": ["prettier@3.6.2", "", { "bin": { "prettier": "bin/prettier.cjs" } }, "sha512-I7AIg5boAr5R0FFtJ6rCfD+LFsWHp81dolrFD8S79U9tb8Az2nGrJncnMSnys+bpQJfRUzqs9hnA81OAA3hCuQ=="],

    "sherif": ["sherif@1.6.1", "", { "optionalDependencies": { "sherif-darwin-arm64": "1.6.1", "sherif-darwin-x64": "1.6.1", "sherif-linux-arm64": "1.6.1", "sherif-linux-x64": "1.6.1", "sherif-windows-arm64": "1.6.1", "sherif-windows-x64": "1.6.1" }, "bin": { "sherif": "index.js" } }, "sha512-ZnwyTnmXoUOPClkOA37JWIyFxCoozMGHmhk/p7XbTREI554XXCnBAn3BMX8UsqkhSzQ9eNQsq4U+jnImEIppsQ=="],

    "sherif-darwin-arm64": ["sherif-darwin-arm64@1.6.1", "", { "os": "darwin", "cpu": "arm64" }, "sha512-J15oBJcrnCAZ0rQE8WbMShYw3204A18akCH6C/uZrILTwX/vZyJIqi7lAt5L00LzsadA3HcyQqVjLNNCvuihoQ=="],

    "sherif-darwin-x64": ["sherif-darwin-x64@1.6.1", "", { "os": "darwin", "cpu": "x64" }, "sha512-oLA/GtvUasi+qCl35LczOhQ4g/xY2mxE5/eiTYQGT3Ow7FKLscnkE6v5l28bgkFeR/uke0AgZ/CgHhozAf0ulg=="],

    "sherif-linux-arm64": ["sherif-linux-arm64@1.6.1", "", { "os": "linux", "cpu": "arm64" }, "sha512-OoltlucT7v9BZdkYZRbs1QU0DYMCQ5qgpMqQdMW1Rq3w3amr7+oEiV9NHntD83udOo8xRxKq0uPXfNYu+VptJw=="],

    "sherif-linux-x64": ["sherif-linux-x64@1.6.1", "", { "os": "linux", "cpu": "x64" }, "sha512-qyDyYqpi3ABGkRuCnjnxN3OMT8DxMiiLzhS9p9xC05Y9nr5hjkxvqP4DdJ4e5opm4E7vzRAS7VQoZ6m7h6tsgQ=="],

    "sherif-windows-arm64": ["sherif-windows-arm64@1.6.1", "", { "os": "win32", "cpu": "arm64" }, "sha512-wAbCiqP//lo7bZUlHmZUV3/sGjnJxo6QB5/fqhz5/GUeWh4CTyvlSacJKZxLnXnzpiUSeFnWutquWnHkRov5Ug=="],

    "sherif-windows-x64": ["sherif-windows-x64@1.6.1", "", { "os": "win32", "cpu": "x64" }, "sha512-2r0qMxZGCMO2aq8Hlq7npxtAsUFVDsEFtUM/6dFo1npa/jHe2mbU7ii/Ymy0bloSa/qw/azrSfRV6GLU7Gjtxg=="],

    "turbo": ["turbo@2.5.5", "", { "optionalDependencies": { "turbo-darwin-64": "2.5.5", "turbo-darwin-arm64": "2.5.5", "turbo-linux-64": "2.5.5", "turbo-linux-arm64": "2.5.5", "turbo-windows-64": "2.5.5", "turbo-windows-arm64": "2.5.5" }, "bin": { "turbo": "bin/turbo" } }, "sha512-eZ7wI6KjtT1eBqCnh2JPXWNUAxtoxxfi6VdBdZFvil0ychCOTxbm7YLRBi1JSt7U3c+u3CLxpoPxLdvr/Npr3A=="],

    "turbo-darwin-64": ["turbo-darwin-64@2.5.5", "", { "os": "darwin", "cpu": "x64" }, "sha512-RYnTz49u4F5tDD2SUwwtlynABNBAfbyT2uU/brJcyh5k6lDLyNfYKdKmqd3K2ls4AaiALWrFKVSBsiVwhdFNzQ=="],

    "turbo-darwin-arm64": ["turbo-darwin-arm64@2.5.5", "", { "os": "darwin", "cpu": "arm64" }, "sha512-Tk+ZeSNdBobZiMw9aFypQt0DlLsWSFWu1ymqsAdJLuPoAH05qCfYtRxE1pJuYHcJB5pqI+/HOxtJoQ40726Btw=="],

    "turbo-linux-64": ["turbo-linux-64@2.5.5", "", { "os": "linux", "cpu": "x64" }, "sha512-2/XvMGykD7VgsvWesZZYIIVXMlgBcQy+ZAryjugoTcvJv8TZzSU/B1nShcA7IAjZ0q7OsZ45uP2cOb8EgKT30w=="],

    "turbo-linux-arm64": ["turbo-linux-arm64@2.5.5", "", { "os": "linux", "cpu": "arm64" }, "sha512-DW+8CjCjybu0d7TFm9dovTTVg1VRnlkZ1rceO4zqsaLrit3DgHnN4to4uwyuf9s2V/BwS3IYcRy+HG9BL596Iw=="],

    "turbo-windows-64": ["turbo-windows-64@2.5.5", "", { "os": "win32", "cpu": "x64" }, "sha512-q5p1BOy8ChtSZfULuF1BhFMYIx6bevXu4fJ+TE/hyNfyHJIfjl90Z6jWdqAlyaFLmn99X/uw+7d6T/Y/dr5JwQ=="],

    "turbo-windows-arm64": ["turbo-windows-arm64@2.5.5", "", { "os": "win32", "cpu": "arm64" }, "sha512-AXbF1KmpHUq3PKQwddMGoKMYhHsy5t1YBQO8HZ04HLMR0rWv9adYlQ8kaeQJTko1Ay1anOBFTqaxfVOOsu7+1Q=="],

    "typescript": ["typescript@5.8.3", "", { "bin": { "tsc": "bin/tsc", "tsserver": "bin/tsserver" } }, "sha512-p1diW6TqL9L07nNxvRMM7hMMw4c5XOo/1ibL4aAIGmSAt9slTE1Xgw5KWuof2uTOvCg9BY7ZRi+GaF+7sfgPeQ=="],
  }
}
